
Microsoft Visual Studio Solution File, Format Version 12.00
# Visual Studio Version 17
VisualStudioVersion = 17.14.36429.23 d17.14
MinimumVisualStudioVersion = 10.0.40219.1
Project("{FAE04EC0-301F-11D3-BF4B-00C04F79EFBC}") = "task1", "task1\task1.csproj", "{DF5DA3E2-8019-4BDA-A4D6-3B238F18320D}"
EndProject
Project("{FAE04EC0-301F-11D3-BF4B-00C04F79EFBC}") = "task2", "task2\task2.csproj", "{0F4FB11B-122B-4809-BD4B-1557DD6456E7}"
EndProject
Project("{FAE04EC0-301F-11D3-BF4B-00C04F79EFBC}") = "task3", "task3\task3.csproj", "{760885A5-72C3-49B1-85D9-64CA03AC41EF}"
EndProject
Global
	GlobalSection(SolutionConfigurationPlatforms) = preSolution
		Debug|Any CPU = Debug|Any CPU
		Release|Any CPU = Release|Any CPU
	EndGlobalSection
	GlobalSection(ProjectConfigurationPlatforms) = postSolution
		{DF5DA3E2-8019-4BDA-A4D6-3B238F18320D}.Debug|Any CPU.ActiveCfg = Debug|Any CPU
		{DF5DA3E2-8019-4BDA-A4D6-3B238F18320D}.Debug|Any CPU.Build.0 = Debug|Any CPU
		{DF5DA3E2-8019-4BDA-A4D6-3B238F18320D}.Release|Any CPU.ActiveCfg = Release|Any CPU
		{DF5DA3E2-8019-4BDA-A4D6-3B238F18320D}.Release|Any CPU.Build.0 = Release|Any CPU
		{0F4FB11B-122B-4809-BD4B-1557DD6456E7}.Debug|Any CPU.ActiveCfg = Debug|Any CPU
		{0F4FB11B-122B-4809-BD4B-1557DD6456E7}.Debug|Any CPU.Build.0 = Debug|Any CPU
		{0F4FB11B-122B-4809-BD4B-1557DD6456E7}.Release|Any CPU.ActiveCfg = Release|Any CPU
		{0F4FB11B-122B-4809-BD4B-1557DD6456E7}.Release|Any CPU.Build.0 = Release|Any CPU
		{760885A5-72C3-49B1-85D9-64CA03AC41EF}.Debug|Any CPU.ActiveCfg = Debug|Any CPU
		{760885A5-72C3-49B1-85D9-64CA03AC41EF}.Debug|Any CPU.Build.0 = Debug|Any CPU
		{760885A5-72C3-49B1-85D9-64CA03AC41EF}.Release|Any CPU.ActiveCfg = Release|Any CPU
		{760885A5-72C3-49B1-85D9-64CA03AC41EF}.Release|Any CPU.Build.0 = Release|Any CPU
	EndGlobalSection
	GlobalSection(SolutionProperties) = preSolution
		HideSolutionNode = FALSE
	EndGlobalSection
	GlobalSection(ExtensibilityGlobals) = postSolution
		SolutionGuid = {659FC5AE-FD72-441F-8274-ADD0DDBDCC96}
	EndGlobalSection
EndGlobal
